PODS:
  - Flutter (1.0.0)
  - webf (0.14.0):
    - Flutter

DEPENDENCIES:
  - Flutter (from `Flutter`)
  - webf (from `.symlinks/plugins/webf/ios`)

EXTERNAL SOURCES:
  Flutter:
    :path: Flutter
  webf:
    :path: ".symlinks/plugins/webf/ios"

SPEC CHECKSUMS:
  Flutter: e0871f40cf51350855a761d2e70bf5af5b9b5de7
  webf: 8e50ce1aec2c590ec582eac120562698ec821990

PODFILE CHECKSUM: 819463e6a0290f5a72f145ba7cde16e8b6ef0796

COCOAPODS: 1.16.2
